dependencies:
- name: oauth2-proxy
  repository: https://chartmuseum:***REMOVED***@chartmuseum.k8s-dev.arachnys.com/
  version: 0.5.3
- name: cockroachdb
  repository: https://kubernetes-charts.storage.googleapis.com/
  version: 1.2.2
- name: nats
  repository: https://kubernetes-charts.storage.googleapis.com/
  version: 0.0.6
digest: sha256:97a31cef1d7721c43243819dd96211399e5ac2ac82fe6642c7d37daa04b66880
generated: 2018-08-19T14:37:10.015346399+01:00
